
Microsoft Visual Studio Solution File, Format Version 12.00
Project("{FAE04EC0-301F-11D3-BF4B-00C04F79EFBC}") = "ImageSorter.Console", "ImageSorter.Console\ImageSorter.Console.csproj", "{0D81BA37-40BC-4277-9461-1FD915D529D4}"
EndProject
Project("{FAE04EC0-301F-11D3-BF4B-00C04F79EFBC}") = "ImageSorter.Services.Tests", "ImageSorter.Services.Tests\ImageSorter.Services.Tests.csproj", "{599983B9-AB3A-4A8E-BCB3-1FB843A04881}"
EndProject
Project("{FAE04EC0-301F-11D3-BF4B-00C04F79EFBC}") = "ImageSorter.Markdown", "ImageSorter.Markdown\ImageSorter.Markdown.csproj", "{5DA1AE33-1232-42FE-92A8-02CECE06554F}"
EndProject
Project("{FAE04EC0-301F-11D3-BF4B-00C04F79EFBC}") = "ImageSorter.FileWrapper", "ImageSorter.FileWrapper\ImageSorter.FileWrapper.csproj", "{76C70AE7-E6F0-497B-B52A-35AD32EBD9D4}"
EndProject
Project("{FAE04EC0-301F-11D3-BF4B-00C04F79EFBC}") = "ImageSorter.Markdown.Tests", "ImageSorter.Markdown.Tests\ImageSorter.Markdown.Tests.csproj", "{2139C057-C118-478E-8FEE-0841A5CC6EC8}"
EndProject
Project("{FAE04EC0-301F-11D3-BF4B-00C04F79EFBC}") = "ImageSorter.Console.Tests", "ImageSorter.Console.Tests\ImageSorter.Console.Tests.csproj", "{87B3B7B4-60E6-4BA2-B3D0-6344ECBA599A}"
EndProject
Project("{2150E333-8FDC-42A3-9474-1A3956D46DE8}") = "FileSystem", "FileSystem", "{E08B34E7-02AB-4919-93EA-1D35C2CA17AA}"
EndProject
Project("{FAE04EC0-301F-11D3-BF4B-00C04F79EFBC}") = "ImageSorter.FileWrapper.Abstractions", "ImageSorter.FileWrapper.Abstractions\ImageSorter.FileWrapper.Abstractions.csproj", "{BF1B1067-B83A-4D07-B818-032B7AC2CB89}"
EndProject
Project("{2150E333-8FDC-42A3-9474-1A3956D46DE8}") = "Markdown", "Markdown", "{67B4B325-B839-43C5-8D70-F569729AABD3}"
EndProject
Project("{FAE04EC0-301F-11D3-BF4B-00C04F79EFBC}") = "ImageSorter.Markdown.Abstractions", "ImageSorter.Markdown.Abstractions\ImageSorter.Markdown.Abstractions.csproj", "{CE9E3BEB-D24E-4450-9BB1-266FAE8A02CA}"
EndProject
Project("{2150E333-8FDC-42A3-9474-1A3956D46DE8}") = "DateParsing", "DateParsing", "{5AA3580B-AA40-4D53-A0B0-FF65AE1096F2}"
EndProject
Project("{FAE04EC0-301F-11D3-BF4B-00C04F79EFBC}") = "ImageSorter.DateParsing", "ImageSorter.DateParsing\ImageSorter.DateParsing.csproj", "{36DD7568-B0B2-4D2E-937A-77B70A97ED3F}"
EndProject
Project("{2150E333-8FDC-42A3-9474-1A3956D46DE8}") = "Utils", "Utils", "{F6835769-8005-4043-AC8D-CC8B882B76CA}"
EndProject
Project("{FAE04EC0-301F-11D3-BF4B-00C04F79EFBC}") = "ImageSorter.Utils", "ImageSorter.Utils\ImageSorter.Utils.csproj", "{486FBCB1-6FCC-4912-9FB7-C54924871EF0}"
EndProject
Project("{FAE04EC0-301F-11D3-BF4B-00C04F79EFBC}") = "ImageSorter.DateParsing.Abstractions", "ImageSorter.DateParsing.Abstractions\ImageSorter.DateParsing.Abstractions.csproj", "{EF2A6676-6148-49AB-98CB-6DBFB285BA07}"
EndProject
Project("{FAE04EC0-301F-11D3-BF4B-00C04F79EFBC}") = "ImageSorter.DateParsing.Tests", "ImageSorter.DateParsing.Tests\ImageSorter.DateParsing.Tests.csproj", "{983A1BA1-1811-4B47-BD85-37A5E338EB74}"
EndProject
Project("{FAE04EC0-301F-11D3-BF4B-00C04F79EFBC}") = "ImageSorter.Test.Utils", "ImageSorter.Test.Utils\ImageSorter.Test.Utils.csproj", "{74742B0B-0A65-4237-9ED9-D9D2FAC36D74}"
EndProject
Project("{2150E333-8FDC-42A3-9474-1A3956D46DE8}") = "Sorting", "Sorting", "{A2D1EEF8-26BA-4568-BCB1-BC42AF26D3E7}"
EndProject
Project("{FAE04EC0-301F-11D3-BF4B-00C04F79EFBC}") = "ImageSorter.Sorting.Abstractions", "ImageSorter.Sorting.Abstractions\ImageSorter.Sorting.Abstractions.csproj", "{40759B02-B065-4665-8321-B40E87BB3747}"
EndProject
Project("{FAE04EC0-301F-11D3-BF4B-00C04F79EFBC}") = "ImageSorter.Sorting", "ImageSorter.Sorting\ImageSorter.Sorting.csproj", "{52081C7B-11C1-4862-A11D-31281049EC52}"
EndProject
Project("{2150E333-8FDC-42A3-9474-1A3956D46DE8}") = "ResultWriting", "ResultWriting", "{2BBCD882-4771-4F0C-A45C-FC792B606385}"
EndProject
Project("{FAE04EC0-301F-11D3-BF4B-00C04F79EFBC}") = "ImageSorter.ResultWriting.Abstractions", "ImageSorter.ResultWriting.Abstractions\ImageSorter.ResultWriting.Abstractions.csproj", "{99E80E6B-BF1B-4B98-A316-2189D2A77C16}"
EndProject
Project("{FAE04EC0-301F-11D3-BF4B-00C04F79EFBC}") = "ImageSorter.ResultWriting", "ImageSorter.ResultWriting\ImageSorter.ResultWriting.csproj", "{B3EE35AD-3E31-41E1-B980-3E75D38A0279}"
EndProject
Project("{FAE04EC0-301F-11D3-BF4B-00C04F79EFBC}") = "ImageSorter.FileWrapper.Tests", "ImageSorter.FileWrapper.Tests\ImageSorter.FileWrapper.Tests.csproj", "{2732B04B-FA24-4AAA-BD36-ACF642931442}"
EndProject
Project("{FAE04EC0-301F-11D3-BF4B-00C04F79EFBC}") = "ImageSorter.Utils.Tests", "ImageSorter.Utils.Tests\ImageSorter.Utils.Tests.csproj", "{FEC64070-FE53-47F0-90F9-9EBB9DCB8A80}"
EndProject
Project("{FAE04EC0-301F-11D3-BF4B-00C04F79EFBC}") = "ImageSorter.Sorting.Tests", "ImageSorter.Sorting.Tests\ImageSorter.Sorting.Tests.csproj", "{FE130681-EDCD-4517-8645-4DCB11E31DB1}"
EndProject
Project("{FAE04EC0-301F-11D3-BF4B-00C04F79EFBC}") = "ImageSorter.FileScanning", "ImageSorter.FileScanning\ImageSorter.FileScanning.csproj", "{830F68DD-1597-47D2-BEBF-E11DA1BDF874}"
EndProject
Project("{FAE04EC0-301F-11D3-BF4B-00C04F79EFBC}") = "ImageSorter.FileScanning.Abstractions", "ImageSorter.FileScanning.Abstractions\ImageSorter.FileScanning.Abstractions.csproj", "{41F7251D-63CF-4B6C-990D-B2B92FDEB190}"
EndProject
Global
	GlobalSection(SolutionConfigurationPlatforms) = preSolution
		Debug|Any CPU = Debug|Any CPU
		Release|Any CPU = Release|Any CPU
	EndGlobalSection
	GlobalSection(ProjectConfigurationPlatforms) = postSolution
		{0D81BA37-40BC-4277-9461-1FD915D529D4}.Debug|Any CPU.ActiveCfg = Debug|Any CPU
		{0D81BA37-40BC-4277-9461-1FD915D529D4}.Debug|Any CPU.Build.0 = Debug|Any CPU
		{0D81BA37-40BC-4277-9461-1FD915D529D4}.Release|Any CPU.ActiveCfg = Release|Any CPU
		{0D81BA37-40BC-4277-9461-1FD915D529D4}.Release|Any CPU.Build.0 = Release|Any CPU
		{599983B9-AB3A-4A8E-BCB3-1FB843A04881}.Debug|Any CPU.ActiveCfg = Debug|Any CPU
		{599983B9-AB3A-4A8E-BCB3-1FB843A04881}.Debug|Any CPU.Build.0 = Debug|Any CPU
		{599983B9-AB3A-4A8E-BCB3-1FB843A04881}.Release|Any CPU.ActiveCfg = Release|Any CPU
		{5DA1AE33-1232-42FE-92A8-02CECE06554F}.Debug|Any CPU.ActiveCfg = Debug|Any CPU
		{5DA1AE33-1232-42FE-92A8-02CECE06554F}.Debug|Any CPU.Build.0 = Debug|Any CPU
		{5DA1AE33-1232-42FE-92A8-02CECE06554F}.Release|Any CPU.ActiveCfg = Release|Any CPU
		{5DA1AE33-1232-42FE-92A8-02CECE06554F}.Release|Any CPU.Build.0 = Release|Any CPU
		{76C70AE7-E6F0-497B-B52A-35AD32EBD9D4}.Debug|Any CPU.ActiveCfg = Debug|Any CPU
		{76C70AE7-E6F0-497B-B52A-35AD32EBD9D4}.Debug|Any CPU.Build.0 = Debug|Any CPU
		{76C70AE7-E6F0-497B-B52A-35AD32EBD9D4}.Release|Any CPU.ActiveCfg = Release|Any CPU
		{76C70AE7-E6F0-497B-B52A-35AD32EBD9D4}.Release|Any CPU.Build.0 = Release|Any CPU
		{2139C057-C118-478E-8FEE-0841A5CC6EC8}.Debug|Any CPU.ActiveCfg = Debug|Any CPU
		{2139C057-C118-478E-8FEE-0841A5CC6EC8}.Debug|Any CPU.Build.0 = Debug|Any CPU
		{2139C057-C118-478E-8FEE-0841A5CC6EC8}.Release|Any CPU.ActiveCfg = Release|Any CPU
		{87B3B7B4-60E6-4BA2-B3D0-6344ECBA599A}.Debug|Any CPU.ActiveCfg = Debug|Any CPU
		{87B3B7B4-60E6-4BA2-B3D0-6344ECBA599A}.Debug|Any CPU.Build.0 = Debug|Any CPU
		{87B3B7B4-60E6-4BA2-B3D0-6344ECBA599A}.Release|Any CPU.ActiveCfg = Release|Any CPU
		{BF1B1067-B83A-4D07-B818-032B7AC2CB89}.Debug|Any CPU.ActiveCfg = Debug|Any CPU
		{BF1B1067-B83A-4D07-B818-032B7AC2CB89}.Debug|Any CPU.Build.0 = Debug|Any CPU
		{BF1B1067-B83A-4D07-B818-032B7AC2CB89}.Release|Any CPU.ActiveCfg = Release|Any CPU
		{BF1B1067-B83A-4D07-B818-032B7AC2CB89}.Release|Any CPU.Build.0 = Release|Any CPU
		{CE9E3BEB-D24E-4450-9BB1-266FAE8A02CA}.Debug|Any CPU.ActiveCfg = Debug|Any CPU
		{CE9E3BEB-D24E-4450-9BB1-266FAE8A02CA}.Debug|Any CPU.Build.0 = Debug|Any CPU
		{CE9E3BEB-D24E-4450-9BB1-266FAE8A02CA}.Release|Any CPU.ActiveCfg = Release|Any CPU
		{CE9E3BEB-D24E-4450-9BB1-266FAE8A02CA}.Release|Any CPU.Build.0 = Release|Any CPU
		{36DD7568-B0B2-4D2E-937A-77B70A97ED3F}.Debug|Any CPU.ActiveCfg = Debug|Any CPU
		{36DD7568-B0B2-4D2E-937A-77B70A97ED3F}.Debug|Any CPU.Build.0 = Debug|Any CPU
		{36DD7568-B0B2-4D2E-937A-77B70A97ED3F}.Release|Any CPU.ActiveCfg = Release|Any CPU
		{36DD7568-B0B2-4D2E-937A-77B70A97ED3F}.Release|Any CPU.Build.0 = Release|Any CPU
		{486FBCB1-6FCC-4912-9FB7-C54924871EF0}.Debug|Any CPU.ActiveCfg = Debug|Any CPU
		{486FBCB1-6FCC-4912-9FB7-C54924871EF0}.Debug|Any CPU.Build.0 = Debug|Any CPU
		{486FBCB1-6FCC-4912-9FB7-C54924871EF0}.Release|Any CPU.ActiveCfg = Release|Any CPU
		{486FBCB1-6FCC-4912-9FB7-C54924871EF0}.Release|Any CPU.Build.0 = Release|Any CPU
		{EF2A6676-6148-49AB-98CB-6DBFB285BA07}.Debug|Any CPU.ActiveCfg = Debug|Any CPU
		{EF2A6676-6148-49AB-98CB-6DBFB285BA07}.Debug|Any CPU.Build.0 = Debug|Any CPU
		{EF2A6676-6148-49AB-98CB-6DBFB285BA07}.Release|Any CPU.ActiveCfg = Release|Any CPU
		{EF2A6676-6148-49AB-98CB-6DBFB285BA07}.Release|Any CPU.Build.0 = Release|Any CPU
		{983A1BA1-1811-4B47-BD85-37A5E338EB74}.Debug|Any CPU.ActiveCfg = Debug|Any CPU
		{983A1BA1-1811-4B47-BD85-37A5E338EB74}.Debug|Any CPU.Build.0 = Debug|Any CPU
		{983A1BA1-1811-4B47-BD85-37A5E338EB74}.Release|Any CPU.ActiveCfg = Release|Any CPU
		{74742B0B-0A65-4237-9ED9-D9D2FAC36D74}.Debug|Any CPU.ActiveCfg = Debug|Any CPU
		{74742B0B-0A65-4237-9ED9-D9D2FAC36D74}.Debug|Any CPU.Build.0 = Debug|Any CPU
		{74742B0B-0A65-4237-9ED9-D9D2FAC36D74}.Release|Any CPU.ActiveCfg = Release|Any CPU
		{40759B02-B065-4665-8321-B40E87BB3747}.Debug|Any CPU.ActiveCfg = Debug|Any CPU
		{40759B02-B065-4665-8321-B40E87BB3747}.Debug|Any CPU.Build.0 = Debug|Any CPU
		{40759B02-B065-4665-8321-B40E87BB3747}.Release|Any CPU.ActiveCfg = Release|Any CPU
		{40759B02-B065-4665-8321-B40E87BB3747}.Release|Any CPU.Build.0 = Release|Any CPU
		{52081C7B-11C1-4862-A11D-31281049EC52}.Debug|Any CPU.ActiveCfg = Debug|Any CPU
		{52081C7B-11C1-4862-A11D-31281049EC52}.Debug|Any CPU.Build.0 = Debug|Any CPU
		{52081C7B-11C1-4862-A11D-31281049EC52}.Release|Any CPU.ActiveCfg = Release|Any CPU
		{52081C7B-11C1-4862-A11D-31281049EC52}.Release|Any CPU.Build.0 = Release|Any CPU
		{99E80E6B-BF1B-4B98-A316-2189D2A77C16}.Debug|Any CPU.ActiveCfg = Debug|Any CPU
		{99E80E6B-BF1B-4B98-A316-2189D2A77C16}.Debug|Any CPU.Build.0 = Debug|Any CPU
		{99E80E6B-BF1B-4B98-A316-2189D2A77C16}.Release|Any CPU.ActiveCfg = Release|Any CPU
		{99E80E6B-BF1B-4B98-A316-2189D2A77C16}.Release|Any CPU.Build.0 = Release|Any CPU
		{B3EE35AD-3E31-41E1-B980-3E75D38A0279}.Debug|Any CPU.ActiveCfg = Debug|Any CPU
		{B3EE35AD-3E31-41E1-B980-3E75D38A0279}.Debug|Any CPU.Build.0 = Debug|Any CPU
		{B3EE35AD-3E31-41E1-B980-3E75D38A0279}.Release|Any CPU.ActiveCfg = Release|Any CPU
		{B3EE35AD-3E31-41E1-B980-3E75D38A0279}.Release|Any CPU.Build.0 = Release|Any CPU
		{2732B04B-FA24-4AAA-BD36-ACF642931442}.Debug|Any CPU.ActiveCfg = Debug|Any CPU
		{2732B04B-FA24-4AAA-BD36-ACF642931442}.Debug|Any CPU.Build.0 = Debug|Any CPU
		{2732B04B-FA24-4AAA-BD36-ACF642931442}.Release|Any CPU.ActiveCfg = Release|Any CPU
		{FEC64070-FE53-47F0-90F9-9EBB9DCB8A80}.Debug|Any CPU.ActiveCfg = Debug|Any CPU
		{FEC64070-FE53-47F0-90F9-9EBB9DCB8A80}.Debug|Any CPU.Build.0 = Debug|Any CPU
		{FEC64070-FE53-47F0-90F9-9EBB9DCB8A80}.Release|Any CPU.ActiveCfg = Release|Any CPU
		{FE130681-EDCD-4517-8645-4DCB11E31DB1}.Debug|Any CPU.ActiveCfg = Debug|Any CPU
		{FE130681-EDCD-4517-8645-4DCB11E31DB1}.Debug|Any CPU.Build.0 = Debug|Any CPU
		{FE130681-EDCD-4517-8645-4DCB11E31DB1}.Release|Any CPU.ActiveCfg = Release|Any CPU
		{830F68DD-1597-47D2-BEBF-E11DA1BDF874}.Debug|Any CPU.ActiveCfg = Debug|Any CPU
		{830F68DD-1597-47D2-BEBF-E11DA1BDF874}.Debug|Any CPU.Build.0 = Debug|Any CPU
		{830F68DD-1597-47D2-BEBF-E11DA1BDF874}.Release|Any CPU.ActiveCfg = Release|Any CPU
		{830F68DD-1597-47D2-BEBF-E11DA1BDF874}.Release|Any CPU.Build.0 = Release|Any CPU
		{41F7251D-63CF-4B6C-990D-B2B92FDEB190}.Debug|Any CPU.ActiveCfg = Debug|Any CPU
		{41F7251D-63CF-4B6C-990D-B2B92FDEB190}.Debug|Any CPU.Build.0 = Debug|Any CPU
		{41F7251D-63CF-4B6C-990D-B2B92FDEB190}.Release|Any CPU.ActiveCfg = Release|Any CPU
		{41F7251D-63CF-4B6C-990D-B2B92FDEB190}.Release|Any CPU.Build.0 = Release|Any CPU
	EndGlobalSection
	GlobalSection(NestedProjects) = preSolution
		{76C70AE7-E6F0-497B-B52A-35AD32EBD9D4} = {E08B34E7-02AB-4919-93EA-1D35C2CA17AA}
		{BF1B1067-B83A-4D07-B818-032B7AC2CB89} = {E08B34E7-02AB-4919-93EA-1D35C2CA17AA}
		{CE9E3BEB-D24E-4450-9BB1-266FAE8A02CA} = {67B4B325-B839-43C5-8D70-F569729AABD3}
		{5DA1AE33-1232-42FE-92A8-02CECE06554F} = {67B4B325-B839-43C5-8D70-F569729AABD3}
		{2139C057-C118-478E-8FEE-0841A5CC6EC8} = {67B4B325-B839-43C5-8D70-F569729AABD3}
		{36DD7568-B0B2-4D2E-937A-77B70A97ED3F} = {5AA3580B-AA40-4D53-A0B0-FF65AE1096F2}
		{486FBCB1-6FCC-4912-9FB7-C54924871EF0} = {F6835769-8005-4043-AC8D-CC8B882B76CA}
		{EF2A6676-6148-49AB-98CB-6DBFB285BA07} = {5AA3580B-AA40-4D53-A0B0-FF65AE1096F2}
		{983A1BA1-1811-4B47-BD85-37A5E338EB74} = {5AA3580B-AA40-4D53-A0B0-FF65AE1096F2}
		{74742B0B-0A65-4237-9ED9-D9D2FAC36D74} = {F6835769-8005-4043-AC8D-CC8B882B76CA}
		{40759B02-B065-4665-8321-B40E87BB3747} = {A2D1EEF8-26BA-4568-BCB1-BC42AF26D3E7}
		{52081C7B-11C1-4862-A11D-31281049EC52} = {A2D1EEF8-26BA-4568-BCB1-BC42AF26D3E7}
		{99E80E6B-BF1B-4B98-A316-2189D2A77C16} = {2BBCD882-4771-4F0C-A45C-FC792B606385}
		{B3EE35AD-3E31-41E1-B980-3E75D38A0279} = {2BBCD882-4771-4F0C-A45C-FC792B606385}
		{2732B04B-FA24-4AAA-BD36-ACF642931442} = {E08B34E7-02AB-4919-93EA-1D35C2CA17AA}
		{FEC64070-FE53-47F0-90F9-9EBB9DCB8A80} = {F6835769-8005-4043-AC8D-CC8B882B76CA}
		{FE130681-EDCD-4517-8645-4DCB11E31DB1} = {A2D1EEF8-26BA-4568-BCB1-BC42AF26D3E7}
		{830F68DD-1597-47D2-BEBF-E11DA1BDF874} = {E08B34E7-02AB-4919-93EA-1D35C2CA17AA}
		{41F7251D-63CF-4B6C-990D-B2B92FDEB190} = {E08B34E7-02AB-4919-93EA-1D35C2CA17AA}
	EndGlobalSection
EndGlobal
