
Microsoft Visual Studio Solution File, Format Version 12.00
Project("{FAE04EC0-301F-11D3-BF4B-00C04F79EFBC}") = "ImageSorter", "ImageSorter\ImageSorter.csproj", "{0D81BA37-40BC-4277-9461-1FD915D529D4}"
EndProject
Project("{FAE04EC0-301F-11D3-BF4B-00C04F79EFBC}") = "ImageSorter.Services", "ImageSorter.Services\ImageSorter.Services.csproj", "{08BE2C6E-D51E-4546-81A4-AF100CF84FFC}"
EndProject
Project("{FAE04EC0-301F-11D3-BF4B-00C04F79EFBC}") = "ImageSorter.Services.Tests", "ImageSorter.Services.Tests\ImageSorter.Services.Tests.csproj", "{599983B9-AB3A-4A8E-BCB3-1FB843A04881}"
EndProject
Global
	GlobalSection(SolutionConfigurationPlatforms) = preSolution
		Debug|Any CPU = Debug|Any CPU
		Release|Any CPU = Release|Any CPU
	EndGlobalSection
	GlobalSection(ProjectConfigurationPlatforms) = postSolution
		{0D81BA37-40BC-4277-9461-1FD915D529D4}.Debug|Any CPU.ActiveCfg = Debug|Any CPU
		{0D81BA37-40BC-4277-9461-1FD915D529D4}.Debug|Any CPU.Build.0 = Debug|Any CPU
		{0D81BA37-40BC-4277-9461-1FD915D529D4}.Release|Any CPU.ActiveCfg = Release|Any CPU
		{0D81BA37-40BC-4277-9461-1FD915D529D4}.Release|Any CPU.Build.0 = Release|Any CPU
		{08BE2C6E-D51E-4546-81A4-AF100CF84FFC}.Debug|Any CPU.ActiveCfg = Debug|Any CPU
		{08BE2C6E-D51E-4546-81A4-AF100CF84FFC}.Debug|Any CPU.Build.0 = Debug|Any CPU
		{08BE2C6E-D51E-4546-81A4-AF100CF84FFC}.Release|Any CPU.ActiveCfg = Release|Any CPU
		{08BE2C6E-D51E-4546-81A4-AF100CF84FFC}.Release|Any CPU.Build.0 = Release|Any CPU
		{599983B9-AB3A-4A8E-BCB3-1FB843A04881}.Debug|Any CPU.ActiveCfg = Debug|Any CPU
		{599983B9-AB3A-4A8E-BCB3-1FB843A04881}.Debug|Any CPU.Build.0 = Debug|Any CPU
		{599983B9-AB3A-4A8E-BCB3-1FB843A04881}.Release|Any CPU.ActiveCfg = Release|Any CPU
	EndGlobalSection
EndGlobal
