
Microsoft Visual Studio Solution File, Format Version 12.00
Project("{FAE04EC0-301F-11D3-BF4B-00C04F79EFBC}") = "ImageSorter.Console", "ImageSorter.Console\ImageSorter.Console.csproj", "{0D81BA37-40BC-4277-9461-1FD915D529D4}"
EndProject
Project("{FAE04EC0-301F-11D3-BF4B-00C04F79EFBC}") = "ImageSorter.Services", "ImageSorter.Services\ImageSorter.Services.csproj", "{08BE2C6E-D51E-4546-81A4-AF100CF84FFC}"
EndProject
Project("{FAE04EC0-301F-11D3-BF4B-00C04F79EFBC}") = "ImageSorter.Services.Tests", "ImageSorter.Services.Tests\ImageSorter.Services.Tests.csproj", "{599983B9-AB3A-4A8E-BCB3-1FB843A04881}"
EndProject
Project("{FAE04EC0-301F-11D3-BF4B-00C04F79EFBC}") = "ImageSorter.Markdown", "ImageSorter.Markdown\ImageSorter.Markdown.csproj", "{5DA1AE33-1232-42FE-92A8-02CECE06554F}"
EndProject
Project("{FAE04EC0-301F-11D3-BF4B-00C04F79EFBC}") = "ImageSorter.FileWrapper", "ImageSorter.FileWrapper\ImageSorter.FileWrapper.csproj", "{76C70AE7-E6F0-497B-B52A-35AD32EBD9D4}"
EndProject
Project("{FAE04EC0-301F-11D3-BF4B-00C04F79EFBC}") = "ImageSorter.Markdown.Tests", "ImageSorter.Markdown.Tests\ImageSorter.Markdown.Tests.csproj", "{2139C057-C118-478E-8FEE-0841A5CC6EC8}"
EndProject
Project("{FAE04EC0-301F-11D3-BF4B-00C04F79EFBC}") = "ImageSorter.Console.Tests", "ImageSorter.Console.Tests\ImageSorter.Console.Tests.csproj", "{87B3B7B4-60E6-4BA2-B3D0-6344ECBA599A}"
EndProject
Project("{2150E333-8FDC-42A3-9474-1A3956D46DE8}") = "FileSystem", "FileSystem", "{E08B34E7-02AB-4919-93EA-1D35C2CA17AA}"
EndProject
Project("{FAE04EC0-301F-11D3-BF4B-00C04F79EFBC}") = "ImageSorter.FileWrapper.Abstractions", "ImageSorter.FileWrapper.Abstractions\ImageSorter.FileWrapper.Abstractions.csproj", "{BF1B1067-B83A-4D07-B818-032B7AC2CB89}"
EndProject
Project("{2150E333-8FDC-42A3-9474-1A3956D46DE8}") = "Markdown", "Markdown", "{67B4B325-B839-43C5-8D70-F569729AABD3}"
EndProject
Project("{FAE04EC0-301F-11D3-BF4B-00C04F79EFBC}") = "ImageSorter.Markdown.Abstractions", "ImageSorter.Markdown.Abstractions\ImageSorter.Markdown.Abstractions.csproj", "{CE9E3BEB-D24E-4450-9BB1-266FAE8A02CA}"
EndProject
Global
	GlobalSection(SolutionConfigurationPlatforms) = preSolution
		Debug|Any CPU = Debug|Any CPU
		Release|Any CPU = Release|Any CPU
	EndGlobalSection
	GlobalSection(ProjectConfigurationPlatforms) = postSolution
		{0D81BA37-40BC-4277-9461-1FD915D529D4}.Debug|Any CPU.ActiveCfg = Debug|Any CPU
		{0D81BA37-40BC-4277-9461-1FD915D529D4}.Debug|Any CPU.Build.0 = Debug|Any CPU
		{0D81BA37-40BC-4277-9461-1FD915D529D4}.Release|Any CPU.ActiveCfg = Release|Any CPU
		{0D81BA37-40BC-4277-9461-1FD915D529D4}.Release|Any CPU.Build.0 = Release|Any CPU
		{08BE2C6E-D51E-4546-81A4-AF100CF84FFC}.Debug|Any CPU.ActiveCfg = Debug|Any CPU
		{08BE2C6E-D51E-4546-81A4-AF100CF84FFC}.Debug|Any CPU.Build.0 = Debug|Any CPU
		{08BE2C6E-D51E-4546-81A4-AF100CF84FFC}.Release|Any CPU.ActiveCfg = Release|Any CPU
		{08BE2C6E-D51E-4546-81A4-AF100CF84FFC}.Release|Any CPU.Build.0 = Release|Any CPU
		{599983B9-AB3A-4A8E-BCB3-1FB843A04881}.Debug|Any CPU.ActiveCfg = Debug|Any CPU
		{599983B9-AB3A-4A8E-BCB3-1FB843A04881}.Debug|Any CPU.Build.0 = Debug|Any CPU
		{599983B9-AB3A-4A8E-BCB3-1FB843A04881}.Release|Any CPU.ActiveCfg = Release|Any CPU
		{5DA1AE33-1232-42FE-92A8-02CECE06554F}.Debug|Any CPU.ActiveCfg = Debug|Any CPU
		{5DA1AE33-1232-42FE-92A8-02CECE06554F}.Debug|Any CPU.Build.0 = Debug|Any CPU
		{5DA1AE33-1232-42FE-92A8-02CECE06554F}.Release|Any CPU.ActiveCfg = Release|Any CPU
		{5DA1AE33-1232-42FE-92A8-02CECE06554F}.Release|Any CPU.Build.0 = Release|Any CPU
		{76C70AE7-E6F0-497B-B52A-35AD32EBD9D4}.Debug|Any CPU.ActiveCfg = Debug|Any CPU
		{76C70AE7-E6F0-497B-B52A-35AD32EBD9D4}.Debug|Any CPU.Build.0 = Debug|Any CPU
		{76C70AE7-E6F0-497B-B52A-35AD32EBD9D4}.Release|Any CPU.ActiveCfg = Release|Any CPU
		{76C70AE7-E6F0-497B-B52A-35AD32EBD9D4}.Release|Any CPU.Build.0 = Release|Any CPU
		{2139C057-C118-478E-8FEE-0841A5CC6EC8}.Debug|Any CPU.ActiveCfg = Debug|Any CPU
		{2139C057-C118-478E-8FEE-0841A5CC6EC8}.Debug|Any CPU.Build.0 = Debug|Any CPU
		{2139C057-C118-478E-8FEE-0841A5CC6EC8}.Release|Any CPU.ActiveCfg = Release|Any CPU
		{87B3B7B4-60E6-4BA2-B3D0-6344ECBA599A}.Debug|Any CPU.ActiveCfg = Debug|Any CPU
		{87B3B7B4-60E6-4BA2-B3D0-6344ECBA599A}.Debug|Any CPU.Build.0 = Debug|Any CPU
		{87B3B7B4-60E6-4BA2-B3D0-6344ECBA599A}.Release|Any CPU.ActiveCfg = Release|Any CPU
		{BF1B1067-B83A-4D07-B818-032B7AC2CB89}.Debug|Any CPU.ActiveCfg = Debug|Any CPU
		{BF1B1067-B83A-4D07-B818-032B7AC2CB89}.Debug|Any CPU.Build.0 = Debug|Any CPU
		{BF1B1067-B83A-4D07-B818-032B7AC2CB89}.Release|Any CPU.ActiveCfg = Release|Any CPU
		{BF1B1067-B83A-4D07-B818-032B7AC2CB89}.Release|Any CPU.Build.0 = Release|Any CPU
		{CE9E3BEB-D24E-4450-9BB1-266FAE8A02CA}.Debug|Any CPU.ActiveCfg = Debug|Any CPU
		{CE9E3BEB-D24E-4450-9BB1-266FAE8A02CA}.Debug|Any CPU.Build.0 = Debug|Any CPU
		{CE9E3BEB-D24E-4450-9BB1-266FAE8A02CA}.Release|Any CPU.ActiveCfg = Release|Any CPU
		{CE9E3BEB-D24E-4450-9BB1-266FAE8A02CA}.Release|Any CPU.Build.0 = Release|Any CPU
	EndGlobalSection
	GlobalSection(NestedProjects) = preSolution
		{76C70AE7-E6F0-497B-B52A-35AD32EBD9D4} = {E08B34E7-02AB-4919-93EA-1D35C2CA17AA}
		{BF1B1067-B83A-4D07-B818-032B7AC2CB89} = {E08B34E7-02AB-4919-93EA-1D35C2CA17AA}
		{CE9E3BEB-D24E-4450-9BB1-266FAE8A02CA} = {67B4B325-B839-43C5-8D70-F569729AABD3}
	EndGlobalSection
EndGlobal
